Microsoft Visual Studio Solution File, Format Version 12.00
# Visual Studio 2013
VisualStudioVersion = 12.0.31101.0
MinimumVisualStudioVersion = 10.0.40219.1
Project("{FAE04EC0-301F-11D3-BF4B-00C04F79EFBC}") = "Assembly-CSharp-vs", "Assembly-CSharp-vs.csproj", "{6225EA78-2D04-E788-6429-74D91893A53F}"
EndProject
Project("{FAE04EC0-301F-11D3-BF4B-00C04F79EFBC}") = "Assembly-CSharp-Editor-vs", "Assembly-CSharp-Editor-vs.csproj", "{30C2B34A-38DD-2D05-7FEE-1F7543619E60}"
EndProject
Global
	GlobalSection(SolutionConfigurationPlatforms) = preSolution
		Debug|Any CPU = Debug|Any CPU
		Release|Any CPU = Release|Any CPU
	EndGlobalSection
	GlobalSection(ProjectConfigurationPlatforms) = postSolution
		{6225EA78-2D04-E788-6429-74D91893A53F}.Debug|Any CPU.ActiveCfg = Debug|Any CPU
		{6225EA78-2D04-E788-6429-74D91893A53F}.Debug|Any CPU.Build.0 = Debug|Any CPU
		{6225EA78-2D04-E788-6429-74D91893A53F}.Release|Any CPU.ActiveCfg = Release|Any CPU
		{6225EA78-2D04-E788-6429-74D91893A53F}.Release|Any CPU.Build.0 = Release|Any CPU
		{30C2B34A-38DD-2D05-7FEE-1F7543619E60}.Debug|Any CPU.ActiveCfg = Debug|Any CPU
		{30C2B34A-38DD-2D05-7FEE-1F7543619E60}.Debug|Any CPU.Build.0 = Debug|Any CPU
		{30C2B34A-38DD-2D05-7FEE-1F7543619E60}.Release|Any CPU.ActiveCfg = Release|Any CPU
		{30C2B34A-38DD-2D05-7FEE-1F7543619E60}.Release|Any CPU.Build.0 = Release|Any CPU
	EndGlobalSection
	GlobalSection(SolutionProperties) = preSolution
		HideSolutionNode = FALSE
	EndGlobalSection
	GlobalSection(MonoDevelopProperties) = preSolution
		StartupItem = Assembly-CSharp.csproj
		Policies = $0
		$0.TextStylePolicy = $3
		$1.inheritsSet = null
		$1.scope = text/x-csharp
		$0.CSharpFormattingPolicy = $2
		$2.inheritsSet = Mono
		$2.inheritsScope = text/x-csharp
		$2.scope = text/x-csharp
		$3.FileWidth = 120
		$3.TabWidth = 4
		$3.IndentWidth = 4
		$3.EolMarker = Unix
		$3.inheritsSet = Mono
		$3.inheritsScope = text/plain
		$3.scope = text/plain
	EndGlobalSection
EndGlobal
