Microsoft Visual Studio Solution File, Format Version 11.00
# Visual Studio 2008

Project("{955C62CE-15CD-5A8C-689B-58CB586BDE52}") = "UnityPDG", "Assembly-CSharp-vs.csproj", "{6225EA78-2D04-E788-6429-74D91893A53F}"
EndProject
Project("{955C62CE-15CD-5A8C-689B-58CB586BDE52}") = "UnityPDG", "Assembly-CSharp-Editor-vs.csproj", "{30C2B34A-38DD-2D05-7FEE-1F7543619E60}"
EndProject
Global
	GlobalSection(SolutionConfigurationPlatforms) = preSolution
		Debug|Any CPU = Debug|Any CPU
		Release|Any CPU = Release|Any CPU
	EndGlobalSection
	GlobalSection(ProjectConfigurationPlatforms) = postSolution
		{6225EA78-2D04-E788-6429-74D91893A53F}.Debug|Any CPU.ActiveCfg = Debug|Any CPU
		{6225EA78-2D04-E788-6429-74D91893A53F}.Debug|Any CPU.Build.0 = Debug|Any CPU
		{6225EA78-2D04-E788-6429-74D91893A53F}.Release|Any CPU.ActiveCfg = Release|Any CPU
		{6225EA78-2D04-E788-6429-74D91893A53F}.Release|Any CPU.Build.0 = Release|Any CPU
		{30C2B34A-38DD-2D05-7FEE-1F7543619E60}.Debug|Any CPU.ActiveCfg = Debug|Any CPU
		{30C2B34A-38DD-2D05-7FEE-1F7543619E60}.Debug|Any CPU.Build.0 = Debug|Any CPU
		{30C2B34A-38DD-2D05-7FEE-1F7543619E60}.Release|Any CPU.ActiveCfg = Release|Any CPU
		{30C2B34A-38DD-2D05-7FEE-1F7543619E60}.Release|Any CPU.Build.0 = Release|Any CPU
	EndGlobalSection
	GlobalSection(SolutionProperties) = preSolution
		HideSolutionNode = FALSE
	EndGlobalSection
																																																																										GlobalSection(MonoDevelopProperties) = preSolution
		StartupItem = Assembly-CSharp.csproj
		Policies = $0
		$0.TextStylePolicy = $1
		$1.inheritsSet = null
		$1.scope = text/x-csharp
		$0.CSharpFormattingPolicy = $2
		$2.inheritsSet = Mono
		$2.inheritsScope = text/x-csharp
		$2.scope = text/x-csharp
		$0.TextStylePolicy = $3
		$3.FileWidth = 120
		$3.TabWidth = 4
		$3.IndentWidth = 4
		$3.EolMarker = Unix
		$3.inheritsSet = Mono
		$3.inheritsScope = text/plain
		$3.scope = text/plain
	EndGlobalSection

EndGlobal
