
Microsoft Visual Studio Solution File, Format Version 12.00
# Visual Studio 2013
Project("{FAE04EC0-301F-11D3-BF4B-00C04F79EFBC}") = "UnityVS.UnityPDG.CSharp.Plugins", "UnityVS.UnityPDG.CSharp.Plugins.csproj", "{5FA2B65E-99E6-215D-1402-9B6B841E4352}"
EndProject
Project("{FAE04EC0-301F-11D3-BF4B-00C04F79EFBC}") = "UnityVS.UnityPDG.CSharp", "UnityVS.UnityPDG.CSharp.csproj", "{C449950B-EF04-AA01-E740-ED16E8E4EBE0}"
EndProject
Project("{FAE04EC0-301F-11D3-BF4B-00C04F79EFBC}") = "UnityVS.UnityPDG.CSharp.Editor", "UnityVS.UnityPDG.CSharp.Editor.csproj", "{D7D586DA-D8DF-B045-CD91-CE9620C450AA}"
EndProject
Global
	GlobalSection(SolutionConfigurationPlatforms) = preSolution
		Debug|Any CPU = Debug|Any CPU
		Release|Any CPU = Release|Any CPU
	EndGlobalSection
	GlobalSection(ProjectConfigurationPlatforms) = postSolution
		{5FA2B65E-99E6-215D-1402-9B6B841E4352}.Debug|Any CPU.ActiveCfg = Debug|Any CPU
		{5FA2B65E-99E6-215D-1402-9B6B841E4352}.Debug|Any CPU.Build.0 = Debug|Any CPU
		{5FA2B65E-99E6-215D-1402-9B6B841E4352}.Release|Any CPU.ActiveCfg = Release|Any CPU
		{5FA2B65E-99E6-215D-1402-9B6B841E4352}.Release|Any CPU.Build.0 = Release|Any CPU
		{C449950B-EF04-AA01-E740-ED16E8E4EBE0}.Debug|Any CPU.ActiveCfg = Debug|Any CPU
		{C449950B-EF04-AA01-E740-ED16E8E4EBE0}.Debug|Any CPU.Build.0 = Debug|Any CPU
		{C449950B-EF04-AA01-E740-ED16E8E4EBE0}.Release|Any CPU.ActiveCfg = Release|Any CPU
		{C449950B-EF04-AA01-E740-ED16E8E4EBE0}.Release|Any CPU.Build.0 = Release|Any CPU
		{D7D586DA-D8DF-B045-CD91-CE9620C450AA}.Debug|Any CPU.ActiveCfg = Debug|Any CPU
		{D7D586DA-D8DF-B045-CD91-CE9620C450AA}.Debug|Any CPU.Build.0 = Debug|Any CPU
		{D7D586DA-D8DF-B045-CD91-CE9620C450AA}.Release|Any CPU.ActiveCfg = Release|Any CPU
		{D7D586DA-D8DF-B045-CD91-CE9620C450AA}.Release|Any CPU.Build.0 = Release|Any CPU
	EndGlobalSection
	GlobalSection(SolutionProperties) = preSolution
		HideSolutionNode = FALSE
	EndGlobalSection
EndGlobal
